
Microsoft Visual Studio Solution File, Format Version 12.00
# Visual Studio 15
VisualStudioVersion = 15.0.27428.2043
MinimumVisualStudioVersion = 10.0.40219.1
Project("{FAE04EC0-301F-11D3-BF4B-00C04F79EFBC}") = "ERP_System", "ERP_System\ERP_System.csproj", "{91B88D05-B23B-4716-AF60-33F284294C5B}"
EndProject
Global
	GlobalSection(SolutionConfigurationPlatforms) = preSolution
		Debug|Any CPU = Debug|Any CPU
		Release|Any CPU = Release|Any CPU
	EndGlobalSection
	GlobalSection(ProjectConfigurationPlatforms) = postSolution
		{91B88D05-B23B-4716-AF60-33F284294C5B}.Debug|Any CPU.ActiveCfg = Debug|Any CPU
		{91B88D05-B23B-4716-AF60-33F284294C5B}.Debug|Any CPU.Build.0 = Debug|Any CPU
		{91B88D05-B23B-4716-AF60-33F284294C5B}.Release|Any CPU.ActiveCfg = Release|Any CPU
		{91B88D05-B23B-4716-AF60-33F284294C5B}.Release|Any CPU.Build.0 = Release|Any CPU
	EndGlobalSection
	GlobalSection(SolutionProperties) = preSolution
		HideSolutionNode = FALSE
	EndGlobalSection
	GlobalSection(ExtensibilityGlobals) = postSolution
		VisualSVNWorkingCopyRoot = ..
		SolutionGuid = {753DAB25-3BA8-444E-9D24-7B83D9C62FE3}
	EndGlobalSection
EndGlobal
